
Microsoft Visual Studio Solution File, Format Version 12.00
# Visual Studio 2013
VisualStudioVersion = 12.0.30110.0
MinimumVisualStudioVersion = 10.0.40219.1
Project("{FAE04EC0-301F-11D3-BF4B-00C04F79EFBC}") = "ImageGrabber.Common", "ImageGrabber.Common\ImageGrabber.Common.csproj", "{BCDA7293-9D1B-4744-978F-2D391AC574CD}"
EndProject
Project("{FAE04EC0-301F-11D3-BF4B-00C04F79EFBC}") = "ImageGrabber.Main", "ImageGrabber.Main\ImageGrabber.Main.csproj", "{E4978E89-65DD-4F99-83DD-710C54E6ADB2}"
EndProject
Global
	GlobalSection(SolutionConfigurationPlatforms) = preSolution
		Debug|Any CPU = Debug|Any CPU
		Release|Any CPU = Release|Any CPU
	EndGlobalSection
	GlobalSection(ProjectConfigurationPlatforms) = postSolution
		{BCDA7293-9D1B-4744-978F-2D391AC574CD}.Debug|Any CPU.ActiveCfg = Debug|Any CPU
		{BCDA7293-9D1B-4744-978F-2D391AC574CD}.Debug|Any CPU.Build.0 = Debug|Any CPU
		{BCDA7293-9D1B-4744-978F-2D391AC574CD}.Release|Any CPU.ActiveCfg = Release|Any CPU
		{BCDA7293-9D1B-4744-978F-2D391AC574CD}.Release|Any CPU.Build.0 = Release|Any CPU
		{E4978E89-65DD-4F99-83DD-710C54E6ADB2}.Debug|Any CPU.ActiveCfg = Debug|Any CPU
		{E4978E89-65DD-4F99-83DD-710C54E6ADB2}.Debug|Any CPU.Build.0 = Debug|Any CPU
		{E4978E89-65DD-4F99-83DD-710C54E6ADB2}.Release|Any CPU.ActiveCfg = Release|Any CPU
		{E4978E89-65DD-4F99-83DD-710C54E6ADB2}.Release|Any CPU.Build.0 = Release|Any CPU
	EndGlobalSection
	GlobalSection(SolutionProperties) = preSolution
		HideSolutionNode = FALSE
	EndGlobalSection
EndGlobal
